// !$*UTF8*$!
{
	archiveVersion = 1;
	classes = {
	};
	objectVersion = 50;
	objects = {

/* Begin PBXBuildFile section */
		AF63E06921A5AB5A00860A90 /* AppDelegate.swift in Sources */ = {isa = PBXBuildFile; fileRef = AF63E06821A5AB5A00860A90 /* AppDelegate.swift */; };
		AF63E06B21A5AB5A00860A90 /* ViewController.swift in Sources */ = {isa = PBXBuildFile; fileRef = AF63E06A21A5AB5A00860A90 /* ViewController.swift */; };
		AF63E06E21A5AB5A00860A90 /* Main.storyboard in Resources */ = {isa = PBXBuildFile; fileRef = AF63E06C21A5AB5A00860A90 /* Main.storyboard */; };
		AF63E07021A5AB5C00860A90 /* Assets.xcassets in Resources */ = {isa = PBXBuildFile; fileRef = AF63E06F21A5AB5C00860A90 /* Assets.xcassets */; };
		AF63E07321A5AB5C00860A90 /* LaunchScreen.storyboard in Resources */ = {isa = PBXBuildFile; fileRef = AF63E07121A5AB5C00860A90 /* LaunchScreen.storyboard */; };
		AF63E07F21A5B2FD00860A90 /* MyBeersTableViewController.swift in Sources */ = {isa = PBXBuildFile; fileRef = AF63E07E21A5B2FD00860A90 /* MyBeersTableViewController.swift */; };
		AF63E08121A5BB2600860A90 /* BrowseBeersTableViewController.swift in Sources */ = {isa = PBXBuildFile; fileRef = AF63E08021A5BB2600860A90 /* BrowseBeersTableViewController.swift */; };
		AF63E08421A5BC8000860A90 /* BeerController.swift in Sources */ = {isa = PBXBuildFile; fileRef = AF63E08321A5BC8000860A90 /* BeerController.swift */; };
		AFF0786021A5D8D800A23B06 /* Settings.bundle in Resources */ = {isa = PBXBuildFile; fileRef = AFF0785F21A5D8D800A23B06 /* Settings.bundle */; };
		AFF0786221A5DB9800A23B06 /* SettingsBundleHelper.swift in Sources */ = {isa = PBXBuildFile; fileRef = AFF0786121A5DB9800A23B06 /* SettingsBundleHelper.swift */; };
		AFF0786421A5E64E00A23B06 /* Category.swift in Sources */ = {isa = PBXBuildFile; fileRef = AFF0786321A5E64E00A23B06 /* Category.swift */; };
		AFF0786621A605CA00A23B06 /* CategoryTableViewCell.swift in Sources */ = {isa = PBXBuildFile; fileRef = AFF0786521A605CA00A23B06 /* CategoryTableViewCell.swift */; };
		AFF0786821A60B2B00A23B06 /* Beer.swift in Sources */ = {isa = PBXBuildFile; fileRef = AFF0786721A60B2B00A23B06 /* Beer.swift */; };
		AFF0786A21A60D5D00A23B06 /* Style.swift in Sources */ = {isa = PBXBuildFile; fileRef = AFF0786921A60D5D00A23B06 /* Style.swift */; };
		AFF0786F21A6134A00A23B06 /* StylesTableViewController.swift in Sources */ = {isa = PBXBuildFile; fileRef = AFF0786E21A6134A00A23B06 /* StylesTableViewController.swift */; };
		EC5F500029D9DD5ADB8B0ED9 /* Pods_Beerio.framework in Frameworks */ = {isa = PBXBuildFile; fileRef = 1BAFEBC978022720F7DF4FD9 /* Pods_Beerio.framework */; };
/* End PBXBuildFile section */

/* Begin PBXFileReference section */
		1BAFEBC978022720F7DF4FD9 /* Pods_Beerio.framework */ = {isa = PBXFileReference; explicitFileType = wrapper.framework; includeInIndex = 0; path = Pods_Beerio.framework; sourceTree = BUILT_PRODUCTS_DIR; };
		2BBE31B14A413F3BE19936AC /* Pods-Beerio.debug.xcconfig */ = {isa = PBXFileReference; includeInIndex = 1; lastKnownFileType = text.xcconfig; name = "Pods-Beerio.debug.xcconfig"; path = "Pods/Target Support Files/Pods-Beerio/Pods-Beerio.debug.xcconfig"; sourceTree = "<group>"; };
		AF63E06521A5AB5A00860A90 /* Beerio.app */ = {isa = PBXFileReference; explicitFileType = wrapper.application; includeInIndex = 0; path = Beerio.app; sourceTree = BUILT_PRODUCTS_DIR; };
		AF63E06821A5AB5A00860A90 /* AppDelegate.swift */ = {isa = PBXFileReference; lastKnownFileType = sourcecode.swift; path = AppDelegate.swift; sourceTree = "<group>"; };
		AF63E06A21A5AB5A00860A90 /* ViewController.swift */ = {isa = PBXFileReference; lastKnownFileType = sourcecode.swift; path = ViewController.swift; sourceTree = "<group>"; };
		AF63E06D21A5AB5A00860A90 /* Base */ = {isa = PBXFileReference; lastKnownFileType = file.storyboard; name = Base; path = Base.lproj/Main.storyboard; sourceTree = "<group>"; };
		AF63E06F21A5AB5C00860A90 /* Assets.xcassets */ = {isa = PBXFileReference; lastKnownFileType = folder.assetcatalog; path = Assets.xcassets; sourceTree = "<group>"; };
		AF63E07221A5AB5C00860A90 /* Base */ = {isa = PBXFileReference; lastKnownFileType = file.storyboard; name = Base; path = Base.lproj/LaunchScreen.storyboard; sourceTree = "<group>"; };
		AF63E07421A5AB5C00860A90 /* Info.plist */ = {isa = PBXFileReference; lastKnownFileType = text.plist.xml; path = Info.plist; sourceTree = "<group>"; };
		AF63E07E21A5B2FD00860A90 /* MyBeersTableViewController.swift */ = {isa = PBXFileReference; lastKnownFileType = sourcecode.swift; path = MyBeersTableViewController.swift; sourceTree = "<group>"; };
		AF63E08021A5BB2600860A90 /* BrowseBeersTableViewController.swift */ = {isa = PBXFileReference; lastKnownFileType = sourcecode.swift; path = BrowseBeersTableViewController.swift; sourceTree = "<group>"; };
		AF63E08321A5BC8000860A90 /* BeerController.swift */ = {isa = PBXFileReference; lastKnownFileType = sourcecode.swift; path = BeerController.swift; sourceTree = "<group>"; };
		AFF0785F21A5D8D800A23B06 /* Settings.bundle */ = {isa = PBXFileReference; lastKnownFileType = "wrapper.plug-in"; path = Settings.bundle; sourceTree = "<group>"; };
		AFF0786121A5DB9800A23B06 /* SettingsBundleHelper.swift */ = {isa = PBXFileReference; lastKnownFileType = sourcecode.swift; path = SettingsBundleHelper.swift; sourceTree = "<group>"; };
		AFF0786321A5E64E00A23B06 /* Category.swift */ = {isa = PBXFileReference; lastKnownFileType = sourcecode.swift; path = Category.swift; sourceTree = "<group>"; };
		AFF0786521A605CA00A23B06 /* CategoryTableViewCell.swift */ = {isa = PBXFileReference; lastKnownFileType = sourcecode.swift; path = CategoryTableViewCell.swift; sourceTree = "<group>"; };
		AFF0786721A60B2B00A23B06 /* Beer.swift */ = {isa = PBXFileReference; lastKnownFileType = sourcecode.swift; path = Beer.swift; sourceTree = "<group>"; };
		AFF0786921A60D5D00A23B06 /* Style.swift */ = {isa = PBXFileReference; lastKnownFileType = sourcecode.swift; path = Style.swift; sourceTree = "<group>"; };
		AFF0786E21A6134A00A23B06 /* StylesTableViewController.swift */ = {isa = PBXFileReference; lastKnownFileType = sourcecode.swift; path = StylesTableViewController.swift; sourceTree = "<group>"; };
		F27B086CFE1F88C80BFED1C2 /* Pods-Beerio.release.xcconfig */ = {isa = PBXFileReference; includeInIndex = 1; lastKnownFileType = text.xcconfig; name = "Pods-Beerio.release.xcconfig"; path = "Pods/Target Support Files/Pods-Beerio/Pods-Beerio.release.xcconfig"; sourceTree = "<group>"; };
/* End PBXFileReference section */

/* Begin PBXFrameworksBuildPhase section */
		AF63E06221A5AB5A00860A90 /* Frameworks */ = {
			isa = PBXFrameworksBuildPhase;
			buildActionMask = 2147483647;
			files = (
				EC5F500029D9DD5ADB8B0ED9 /* Pods_Beerio.framework in Frameworks */,
			);
			runOnlyForDeploymentPostprocessing = 0;
		};
/* End PBXFrameworksBuildPhase section */

/* Begin PBXGroup section */
		59499D58E1A6B5D0EBBABB8B /* Pods */ = {
			isa = PBXGroup;
			children = (
				2BBE31B14A413F3BE19936AC /* Pods-Beerio.debug.xcconfig */,
				F27B086CFE1F88C80BFED1C2 /* Pods-Beerio.release.xcconfig */,
			);
			name = Pods;
			sourceTree = "<group>";
		};
		5E985BC03A2C816184E75592 /* Frameworks */ = {
			isa = PBXGroup;
			children = (
				1BAFEBC978022720F7DF4FD9 /* Pods_Beerio.framework */,
			);
			name = Frameworks;
			sourceTree = "<group>";
		};
		AF63E05C21A5AB5A00860A90 = {
			isa = PBXGroup;
			children = (
				AF63E06721A5AB5A00860A90 /* Beerio */,
				AF63E06621A5AB5A00860A90 /* Products */,
				59499D58E1A6B5D0EBBABB8B /* Pods */,
				5E985BC03A2C816184E75592 /* Frameworks */,
			);
			sourceTree = "<group>";
		};
		AF63E06621A5AB5A00860A90 /* Products */ = {
			isa = PBXGroup;
			children = (
				AF63E06521A5AB5A00860A90 /* Beerio.app */,
			);
			name = Products;
			sourceTree = "<group>";
		};
		AF63E06721A5AB5A00860A90 /* Beerio */ = {
			isa = PBXGroup;
			children = (
				AF63E08221A5BB9700860A90 /* Domain */,
				AF63E07D21A5B2DD00860A90 /* Controllers */,
				AF63E06821A5AB5A00860A90 /* AppDelegate.swift */,
				AF63E06C21A5AB5A00860A90 /* Main.storyboard */,
				AF63E06F21A5AB5C00860A90 /* Assets.xcassets */,
				AF63E07121A5AB5C00860A90 /* LaunchScreen.storyboard */,
				AF63E07421A5AB5C00860A90 /* Info.plist */,
				AFF0785F21A5D8D800A23B06 /* Settings.bundle */,
				AFF0786121A5DB9800A23B06 /* SettingsBundleHelper.swift */,
			);
			path = Beerio;
			sourceTree = "<group>";
		};
		AF63E07D21A5B2DD00860A90 /* Controllers */ = {
			isa = PBXGroup;
			children = (
				AF63E06A21A5AB5A00860A90 /* ViewController.swift */,
				AF63E07E21A5B2FD00860A90 /* MyBeersTableViewController.swift */,
				AF63E08021A5BB2600860A90 /* BrowseBeersTableViewController.swift */,
				AFF0786521A605CA00A23B06 /* CategoryTableViewCell.swift */,
				AFF0786E21A6134A00A23B06 /* StylesTableViewController.swift */,
			);
			path = Controllers;
			sourceTree = "<group>";
		};
		AF63E08221A5BB9700860A90 /* Domain */ = {
			isa = PBXGroup;
			children = (
				AF63E08321A5BC8000860A90 /* BeerController.swift */,
				AFF0786321A5E64E00A23B06 /* Category.swift */,
				AFF0786721A60B2B00A23B06 /* Beer.swift */,
				AFF0786921A60D5D00A23B06 /* Style.swift */,
			);
			path = Domain;
			sourceTree = "<group>";
		};
/* End PBXGroup section */

/* Begin PBXNativeTarget section */
		AF63E06421A5AB5A00860A90 /* Beerio */ = {
			isa = PBXNativeTarget;
			buildConfigurationList = AF63E07721A5AB5C00860A90 /* Build configuration list for PBXNativeTarget "Beerio" */;
			buildPhases = (
				E717DB847EE8EB078B451732 /* [CP] Check Pods Manifest.lock */,
				AF63E06121A5AB5A00860A90 /* Sources */,
				AF63E06221A5AB5A00860A90 /* Frameworks */,
				AF63E06321A5AB5A00860A90 /* Resources */,
				2E7C8E32DBB5DB2F64D3F93A /* [CP] Embed Pods Frameworks */,
			);
			buildRules = (
			);
			dependencies = (
			);
			name = Beerio;
			productName = Beerio;
			productReference = AF63E06521A5AB5A00860A90 /* Beerio.app */;
			productType = "com.apple.product-type.application";
		};
/* End PBXNativeTarget section */

/* Begin PBXProject section */
		AF63E05D21A5AB5A00860A90 /* Project object */ = {
			isa = PBXProject;
			attributes = {
				LastSwiftUpdateCheck = 1010;
				LastUpgradeCheck = 1010;
				ORGANIZATIONNAME = "Casper Verswijvelt";
				TargetAttributes = {
					AF63E06421A5AB5A00860A90 = {
						CreatedOnToolsVersion = 10.1;
					};
				};
			};
			buildConfigurationList = AF63E06021A5AB5A00860A90 /* Build configuration list for PBXProject "Beerio" */;
			compatibilityVersion = "Xcode 9.3";
			developmentRegion = en;
			hasScannedForEncodings = 0;
			knownRegions = (
				en,
				Base,
			);
			mainGroup = AF63E05C21A5AB5A00860A90;
			productRefGroup = AF63E06621A5AB5A00860A90 /* Products */;
			projectDirPath = "";
			projectRoot = "";
			targets = (
				AF63E06421A5AB5A00860A90 /* Beerio */,
			);
		};
/* End PBXProject section */

/* Begin PBXResourcesBuildPhase section */
		AF63E06321A5AB5A00860A90 /* Resources */ = {
			isa = PBXResourcesBuildPhase;
			buildActionMask = 2147483647;
			files = (
				AFF0786021A5D8D800A23B06 /* Settings.bundle in Resources */,
				AF63E07321A5AB5C00860A90 /* LaunchScreen.storyboard in Resources */,
				AF63E07021A5AB5C00860A90 /* Assets.xcassets in Resources */,
				AF63E06E21A5AB5A00860A90 /* Main.storyboard in Resources */,
			);
			runOnlyForDeploymentPostprocessing = 0;
		};
/* End PBXResourcesBuildPhase section */

/* Begin PBXShellScriptBuildPhase section */
		2E7C8E32DBB5DB2F64D3F93A /* [CP] Embed Pods Frameworks */ = {
			isa = PBXShellScriptBuildPhase;
			buildActionMask = 2147483647;
			files = (
			);
			inputFileListPaths = (
			);
			inputPaths = (
				"${SRCROOT}/Pods/Target Support Files/Pods-Beerio/Pods-Beerio-frameworks.sh",
				"${BUILT_PRODUCTS_DIR}/HGPlaceholders/HGPlaceholders.framework",
			);
			name = "[CP] Embed Pods Frameworks";
			outputFileListPaths = (
			);
			outputPaths = (
				"${TARGET_BUILD_DIR}/${FRAMEWORKS_FOLDER_PATH}/HGPlaceholders.framework",
			);
			runOnlyForDeploymentPostprocessing = 0;
			shellPath = /bin/sh;
			shellScript = "\"${SRCROOT}/Pods/Target Support Files/Pods-Beerio/Pods-Beerio-frameworks.sh\"\n";
			showEnvVarsInLog = 0;
		};
		E717DB847EE8EB078B451732 /* [CP] Check Pods Manifest.lock */ = {
			isa = PBXShellScriptBuildPhase;
			buildActionMask = 2147483647;
			files = (
			);
			inputFileListPaths = (
			);
			inputPaths = (
				"${PODS_PODFILE_DIR_PATH}/Podfile.lock",
				"${PODS_ROOT}/Manifest.lock",
			);
			name = "[CP] Check Pods Manifest.lock";
			outputFileListPaths = (
			);
			outputPaths = (
				"$(DERIVED_FILE_DIR)/Pods-Beerio-checkManifestLockResult.txt",
			);
			runOnlyForDeploymentPostprocessing = 0;
			shellPath = /bin/sh;
			shellScript = "diff \"${PODS_PODFILE_DIR_PATH}/Podfile.lock\" \"${PODS_ROOT}/Manifest.lock\" > /dev/null\nif [ $? != 0 ] ; then\n    # print error to STDERR\n    echo \"error: The sandbox is not in sync with the Podfile.lock. Run 'pod install' or update your CocoaPods installation.\" >&2\n    exit 1\nfi\n# This output is used by Xcode 'outputs' to avoid re-running this script phase.\necho \"SUCCESS\" > \"${SCRIPT_OUTPUT_FILE_0}\"\n";
			showEnvVarsInLog = 0;
		};
/* End PBXShellScriptBuildPhase section */

/* Begin PBXSourcesBuildPhase section */
		AF63E06121A5AB5A00860A90 /* Sources */ = {
			isa = PBXSourcesBuildPhase;
			buildActionMask = 2147483647;
			files = (
				AF63E07F21A5B2FD00860A90 /* MyBeersTableViewController.swift in Sources */,
				AFF0786821A60B2B00A23B06 /* Beer.swift in Sources */,
				AF63E08121A5BB2600860A90 /* BrowseBeersTableViewController.swift in Sources */,
				AF63E06B21A5AB5A00860A90 /* ViewController.swift in Sources */,
				AFF0786F21A6134A00A23B06 /* StylesTableViewController.swift in Sources */,
				AF63E08421A5BC8000860A90 /* BeerController.swift in Sources */,
				AFF0786221A5DB9800A23B06 /* SettingsBundleHelper.swift in Sources */,
				AFF0786421A5E64E00A23B06 /* Category.swift in Sources */,
				AF63E06921A5AB5A00860A90 /* AppDelegate.swift in Sources */,
				AFF0786621A605CA00A23B06 /* CategoryTableViewCell.swift in Sources */,
				AFF0786A21A60D5D00A23B06 /* Style.swift in Sources */,
			);
			runOnlyForDeploymentPostprocessing = 0;
		};
/* End PBXSourcesBuildPhase section */

/* Begin PBXVariantGroup section */
		AF63E06C21A5AB5A00860A90 /* Main.storyboard */ = {
			isa = PBXVariantGroup;
			children = (
				AF63E06D21A5AB5A00860A90 /* Base */,
			);
			name = Main.storyboard;
			sourceTree = "<group>";
		};
		AF63E07121A5AB5C00860A90 /* LaunchScreen.storyboard */ = {
			isa = PBXVariantGroup;
			children = (
				AF63E07221A5AB5C00860A90 /* Base */,
			);
			name = LaunchScreen.storyboard;
			sourceTree = "<group>";
		};
/* End PBXVariantGroup section */

/* Begin XCBuildConfiguration section */
		AF63E07521A5AB5C00860A90 /* Debug */ = {
			isa = XCBuildConfiguration;
			buildSettings = {
				ALWAYS_SEARCH_USER_PATHS = NO;
				CLANG_ANALYZER_NONNULL = YES;
				CLANG_ANALYZER_NUMBER_OBJECT_CONVERSION = YES_AGGRESSIVE;
				CLANG_CXX_LANGUAGE_STANDARD = "gnu++14";
				CLANG_CXX_LIBRARY = "libc++";
				CLANG_ENABLE_MODULES = YES;
				CLANG_ENABLE_OBJC_ARC = YES;
				CLANG_ENABLE_OBJC_WEAK = YES;
				CLANG_WARN_BLOCK_CAPTURE_AUTORELEASING = YES;
				CLANG_WARN_BOOL_CONVERSION = YES;
				CLANG_WARN_COMMA = YES;
				CLANG_WARN_CONSTANT_CONVERSION = YES;
				CLANG_WARN_DEPRECATED_OBJC_IMPLEMENTATIONS = YES;
				CLANG_WARN_DIRECT_OBJC_ISA_USAGE = YES_ERROR;
				CLANG_WARN_DOCUMENTATION_COMMENTS = YES;
				CLANG_WARN_EMPTY_BODY = YES;
				CLANG_WARN_ENUM_CONVERSION = YES;
				CLANG_WARN_INFINITE_RECURSION = YES;
				CLANG_WARN_INT_CONVERSION = YES;
				CLANG_WARN_NON_LITERAL_NULL_CONVERSION = YES;
				CLANG_WARN_OBJC_IMPLICIT_RETAIN_SELF = YES;
				CLANG_WARN_OBJC_LITERAL_CONVERSION = YES;
				CLANG_WARN_OBJC_ROOT_CLASS = YES_ERROR;
				CLANG_WARN_RANGE_LOOP_ANALYSIS = YES;
				CLANG_WARN_STRICT_PROTOTYPES = YES;
				CLANG_WARN_SUSPICIOUS_MOVE = YES;
				CLANG_WARN_UNGUARDED_AVAILABILITY = YES_AGGRESSIVE;
				CLANG_WARN_UNREACHABLE_CODE = YES;
				CLANG_WARN__DUPLICATE_METHOD_MATCH = YES;
				CODE_SIGN_IDENTITY = "iPhone Developer";
				COPY_PHASE_STRIP = NO;
				DEBUG_INFORMATION_FORMAT = dwarf;
				ENABLE_STRICT_OBJC_MSGSEND = YES;
				ENABLE_TESTABILITY = YES;
				GCC_C_LANGUAGE_STANDARD = gnu11;
				GCC_DYNAMIC_NO_PIC = NO;
				GCC_NO_COMMON_BLOCKS = YES;
				GCC_OPTIMIZATION_LEVEL = 0;
				GCC_PREPROCESSOR_DEFINITIONS = (
					"DEBUG=1",
					"$(inherited)",
				);
				GCC_WARN_64_TO_32_BIT_CONVERSION = YES;
				GCC_WARN_ABOUT_RETURN_TYPE = YES_ERROR;
				GCC_WARN_UNDECLARED_SELECTOR = YES;
				GCC_WARN_UNINITIALIZED_AUTOS = YES_AGGRESSIVE;
				GCC_WARN_UNUSED_FUNCTION = YES;
				GCC_WARN_UNUSED_VARIABLE = YES;
				IPHONEOS_DEPLOYMENT_TARGET = 12.1;
				MTL_ENABLE_DEBUG_INFO = INCLUDE_SOURCE;
				MTL_FAST_MATH = YES;
				ONLY_ACTIVE_ARCH = YES;
				SDKROOT = iphoneos;
				SWIFT_ACTIVE_COMPILATION_CONDITIONS = DEBUG;
				SWIFT_OPTIMIZATION_LEVEL = "-Onone";
			};
			name = Debug;
		};
		AF63E07621A5AB5C00860A90 /* Release */ = {
			isa = XCBuildConfiguration;
			buildSettings = {
				ALWAYS_SEARCH_USER_PATHS = NO;
				CLANG_ANALYZER_NONNULL = YES;
				CLANG_ANALYZER_NUMBER_OBJECT_CONVERSION = YES_AGGRESSIVE;
				CLANG_CXX_LANGUAGE_STANDARD = "gnu++14";
				CLANG_CXX_LIBRARY = "libc++";
				CLANG_ENABLE_MODULES = YES;
				CLANG_ENABLE_OBJC_ARC = YES;
				CLANG_ENABLE_OBJC_WEAK = YES;
				CLANG_WARN_BLOCK_CAPTURE_AUTORELEASING = YES;
				CLANG_WARN_BOOL_CONVERSION = YES;
				CLANG_WARN_COMMA = YES;
				CLANG_WARN_CONSTANT_CONVERSION = YES;
				CLANG_WARN_DEPRECATED_OBJC_IMPLEMENTATIONS = YES;
				CLANG_WARN_DIRECT_OBJC_ISA_USAGE = YES_ERROR;
				CLANG_WARN_DOCUMENTATION_COMMENTS = YES;
				CLANG_WARN_EMPTY_BODY = YES;
				CLANG_WARN_ENUM_CONVERSION = YES;
				CLANG_WARN_INFINITE_RECURSION = YES;
				CLANG_WARN_INT_CONVERSION = YES;
				CLANG_WARN_NON_LITERAL_NULL_CONVERSION = YES;
				CLANG_WARN_OBJC_IMPLICIT_RETAIN_SELF = YES;
				CLANG_WARN_OBJC_LITERAL_CONVERSION = YES;
				CLANG_WARN_OBJC_ROOT_CLASS = YES_ERROR;
				CLANG_WARN_RANGE_LOOP_ANALYSIS = YES;
				CLANG_WARN_STRICT_PROTOTYPES = YES;
				CLANG_WARN_SUSPICIOUS_MOVE = YES;
				CLANG_WARN_UNGUARDED_AVAILABILITY = YES_AGGRESSIVE;
				CLANG_WARN_UNREACHABLE_CODE = YES;
				CLANG_WARN__DUPLICATE_METHOD_MATCH = YES;
				CODE_SIGN_IDENTITY = "iPhone Developer";
				COPY_PHASE_STRIP = NO;
				DEBUG_INFORMATION_FORMAT = "dwarf-with-dsym";
				ENABLE_NS_ASSERTIONS = NO;
				ENABLE_STRICT_OBJC_MSGSEND = YES;
				GCC_C_LANGUAGE_STANDARD = gnu11;
				GCC_NO_COMMON_BLOCKS = YES;
				GCC_WARN_64_TO_32_BIT_CONVERSION = YES;
				GCC_WARN_ABOUT_RETURN_TYPE = YES_ERROR;
				GCC_WARN_UNDECLARED_SELECTOR = YES;
				GCC_WARN_UNINITIALIZED_AUTOS = YES_AGGRESSIVE;
				GCC_WARN_UNUSED_FUNCTION = YES;
				GCC_WARN_UNUSED_VARIABLE = YES;
				IPHONEOS_DEPLOYMENT_TARGET = 12.1;
				MTL_ENABLE_DEBUG_INFO = NO;
				MTL_FAST_MATH = YES;
				SDKROOT = iphoneos;
				SWIFT_COMPILATION_MODE = wholemodule;
				SWIFT_OPTIMIZATION_LEVEL = "-O";
				VALIDATE_PRODUCT = YES;
			};
			name = Release;
		};
		AF63E07821A5AB5C00860A90 /* Debug */ = {
			isa = XCBuildConfiguration;
			baseConfigurationReference = 2BBE31B14A413F3BE19936AC /* Pods-Beerio.debug.xcconfig */;
			buildSettings = {
				ASSETCATALOG_COMPILER_APPICON_NAME = AppIcon;
				CODE_SIGN_STYLE = Automatic;
				DEVELOPMENT_TEAM = V95M6HBV65;
				INFOPLIST_FILE = Beerio/Info.plist;
				LD_RUNPATH_SEARCH_PATHS = (
					"$(inherited)",
					"@executable_path/Frameworks",
				);
				PRODUCT_BUNDLE_IDENTIFIER = be.casperverswijvelt.Beerio;
				PRODUCT_NAME = "$(TARGET_NAME)";
				SWIFT_VERSION = 4.2;
				TARGETED_DEVICE_FAMILY = "1,2";
			};
			name = Debug;
		};
		AF63E07921A5AB5C00860A90 /* Release */ = {
			isa = XCBuildConfiguration;
			baseConfigurationReference = F27B086CFE1F88C80BFED1C2 /* Pods-Beerio.release.xcconfig */;
			buildSettings = {
				ASSETCATALOG_COMPILER_APPICON_NAME = AppIcon;
				CODE_SIGN_STYLE = Automatic;
				DEVELOPMENT_TEAM = V95M6HBV65;
				INFOPLIST_FILE = Beerio/Info.plist;
				LD_RUNPATH_SEARCH_PATHS = (
					"$(inherited)",
					"@executable_path/Frameworks",
				);
				PRODUCT_BUNDLE_IDENTIFIER = be.casperverswijvelt.Beerio;
				PRODUCT_NAME = "$(TARGET_NAME)";
				SWIFT_VERSION = 4.2;
				TARGETED_DEVICE_FAMILY = "1,2";
			};
			name = Release;
		};
/* End XCBuildConfiguration section */

/* Begin XCConfigurationList section */
		AF63E06021A5AB5A00860A90 /* Build configuration list for PBXProject "Beerio" */ = {
			isa = XCConfigurationList;
			buildConfigurations = (
				AF63E07521A5AB5C00860A90 /* Debug */,
				AF63E07621A5AB5C00860A90 /* Release */,
			);
			defaultConfigurationIsVisible = 0;
			defaultConfigurationName = Release;
		};
		AF63E07721A5AB5C00860A90 /* Build configuration list for PBXNativeTarget "Beerio" */ = {
			isa = XCConfigurationList;
			buildConfigurations = (
				AF63E07821A5AB5C00860A90 /* Debug */,
				AF63E07921A5AB5C00860A90 /* Release */,
			);
			defaultConfigurationIsVisible = 0;
			defaultConfigurationName = Release;
		};
/* End XCConfigurationList section */
	};
	rootObject = AF63E05D21A5AB5A00860A90 /* Project object */;
}
